
Microsoft Visual Studio Solution File, Format Version 12.00
# Visual Studio Version 16
VisualStudioVersion = 16.0.29519.87
MinimumVisualStudioVersion = 10.0.40219.1
Project("{FAE04EC0-301F-11D3-BF4B-00C04F79EFBC}") = "HurtowniaReptiGood", "HurtowniaReptiGood.csproj", "{574333E1-691B-49D4-9B87-BF6B441F0754}"
EndProject
Global
	GlobalSection(SolutionConfigurationPlatforms) = preSolution
		Debug|Any CPU = Debug|Any CPU
		Release|Any CPU = Release|Any CPU
	EndGlobalSection
	GlobalSection(ProjectConfigurationPlatforms) = postSolution
		{574333E1-691B-49D4-9B87-BF6B441F0754}.Debug|Any CPU.ActiveCfg = Debug|Any CPU
		{574333E1-691B-49D4-9B87-BF6B441F0754}.Debug|Any CPU.Build.0 = Debug|Any CPU
		{574333E1-691B-49D4-9B87-BF6B441F0754}.Release|Any CPU.ActiveCfg = Release|Any CPU
		{574333E1-691B-49D4-9B87-BF6B441F0754}.Release|Any CPU.Build.0 = Release|Any CPU
	EndGlobalSection
	GlobalSection(SolutionProperties) = preSolution
		HideSolutionNode = FALSE
	EndGlobalSection
	GlobalSection(ExtensibilityGlobals) = postSolution
		SolutionGuid = {E091BB55-CD9A-45EC-8915-67F8BE3DF791}
	EndGlobalSection
EndGlobal
